
Microsoft Visual Studio Solution File, Format Version 12.00
# Visual Studio 15
VisualStudioVersion = 15.0.28307.168
MinimumVisualStudioVersion = 10.0.40219.1
Project("{FAE04EC0-301F-11D3-BF4B-00C04F79EFBC}") = "NotaVenta", "NotaVenta\NotaVenta.csproj", "{B25C2CD3-F924-4005-AC00-D09825868FDF}"
EndProject
Project("{FAE04EC0-301F-11D3-BF4B-00C04F79EFBC}") = "BLL", "BLL\BLL.csproj", "{E4522D45-7BE8-4E2E-A328-A1D4A21E6431}"
EndProject
Project("{FAE04EC0-301F-11D3-BF4B-00C04F79EFBC}") = "DAL", "DAL\DAL.csproj", "{F079BECC-321D-438B-9FBE-8747F568A4E1}"
EndProject
Project("{FAE04EC0-301F-11D3-BF4B-00C04F79EFBC}") = "UTIL", "UTIL\UTIL.csproj", "{0C1CDD22-D2D8-4516-ACE5-0F6E37DC0773}"
EndProject
Project("{FAE04EC0-301F-11D3-BF4B-00C04F79EFBC}") = "BaseDatos", "BaseDatos\BaseDatos.csproj", "{305CFD12-7634-453B-B48D-8B17580AD414}"
EndProject
Global
	GlobalSection(SolutionConfigurationPlatforms) = preSolution
		Debug|Any CPU = Debug|Any CPU
		Release|Any CPU = Release|Any CPU
	EndGlobalSection
	GlobalSection(ProjectConfigurationPlatforms) = postSolution
		{B25C2CD3-F924-4005-AC00-D09825868FDF}.Debug|Any CPU.ActiveCfg = Debug|Any CPU
		{B25C2CD3-F924-4005-AC00-D09825868FDF}.Debug|Any CPU.Build.0 = Debug|Any CPU
		{B25C2CD3-F924-4005-AC00-D09825868FDF}.Release|Any CPU.ActiveCfg = Release|Any CPU
		{B25C2CD3-F924-4005-AC00-D09825868FDF}.Release|Any CPU.Build.0 = Release|Any CPU
		{E4522D45-7BE8-4E2E-A328-A1D4A21E6431}.Debug|Any CPU.ActiveCfg = Debug|Any CPU
		{E4522D45-7BE8-4E2E-A328-A1D4A21E6431}.Debug|Any CPU.Build.0 = Debug|Any CPU
		{E4522D45-7BE8-4E2E-A328-A1D4A21E6431}.Release|Any CPU.ActiveCfg = Release|Any CPU
		{E4522D45-7BE8-4E2E-A328-A1D4A21E6431}.Release|Any CPU.Build.0 = Release|Any CPU
		{F079BECC-321D-438B-9FBE-8747F568A4E1}.Debug|Any CPU.ActiveCfg = Debug|Any CPU
		{F079BECC-321D-438B-9FBE-8747F568A4E1}.Debug|Any CPU.Build.0 = Debug|Any CPU
		{F079BECC-321D-438B-9FBE-8747F568A4E1}.Release|Any CPU.ActiveCfg = Release|Any CPU
		{F079BECC-321D-438B-9FBE-8747F568A4E1}.Release|Any CPU.Build.0 = Release|Any CPU
		{0C1CDD22-D2D8-4516-ACE5-0F6E37DC0773}.Debug|Any CPU.ActiveCfg = Debug|Any CPU
		{0C1CDD22-D2D8-4516-ACE5-0F6E37DC0773}.Debug|Any CPU.Build.0 = Debug|Any CPU
		{0C1CDD22-D2D8-4516-ACE5-0F6E37DC0773}.Release|Any CPU.ActiveCfg = Release|Any CPU
		{0C1CDD22-D2D8-4516-ACE5-0F6E37DC0773}.Release|Any CPU.Build.0 = Release|Any CPU
		{305CFD12-7634-453B-B48D-8B17580AD414}.Debug|Any CPU.ActiveCfg = Debug|Any CPU
		{305CFD12-7634-453B-B48D-8B17580AD414}.Debug|Any CPU.Build.0 = Debug|Any CPU
		{305CFD12-7634-453B-B48D-8B17580AD414}.Release|Any CPU.ActiveCfg = Release|Any CPU
		{305CFD12-7634-453B-B48D-8B17580AD414}.Release|Any CPU.Build.0 = Release|Any CPU
	EndGlobalSection
	GlobalSection(SolutionProperties) = preSolution
		HideSolutionNode = FALSE
	EndGlobalSection
	GlobalSection(ExtensibilityGlobals) = postSolution
		SolutionGuid = {4BD9DD9A-B15E-49DB-9845-7F087CFC25FD}
	EndGlobalSection
EndGlobal
